
Microsoft Visual Studio Solution File, Format Version 12.00
# Visual Studio Version 17
VisualStudioVersion = 17.9.34526.213
MinimumVisualStudioVersion = 10.0.40219.1
Project("{FAE04EC0-301F-11D3-BF4B-00C04F79EFBC}") = "EF_Task2", "EF_Task2\EF_Task2.csproj", "{494C67C6-0DAB-41F8-85E2-D81B5839CC51}"
EndProject
Global
	GlobalSection(SolutionConfigurationPlatforms) = preSolution
		Debug|Any CPU = Debug|Any CPU
		Release|Any CPU = Release|Any CPU
	EndGlobalSection
	GlobalSection(ProjectConfigurationPlatforms) = postSolution
		{494C67C6-0DAB-41F8-85E2-D81B5839CC51}.Debug|Any CPU.ActiveCfg = Debug|Any CPU
		{494C67C6-0DAB-41F8-85E2-D81B5839CC51}.Debug|Any CPU.Build.0 = Debug|Any CPU
		{494C67C6-0DAB-41F8-85E2-D81B5839CC51}.Release|Any CPU.ActiveCfg = Release|Any CPU
		{494C67C6-0DAB-41F8-85E2-D81B5839CC51}.Release|Any CPU.Build.0 = Release|Any CPU
	EndGlobalSection
	GlobalSection(SolutionProperties) = preSolution
		HideSolutionNode = FALSE
	EndGlobalSection
	GlobalSection(ExtensibilityGlobals) = postSolution
		SolutionGuid = {B984D05F-C22A-4F07-954E-A1CA780E27C3}
	EndGlobalSection
EndGlobal
